
Microsoft Visual Studio Solution File, Format Version 12.00
# Visual Studio Version 16
VisualStudioVersion = 16.0.29926.136
MinimumVisualStudioVersion = 10.0.40219.1
Project("{FAE04EC0-301F-11D3-BF4B-00C04F79EFBC}") = "SUTODev2", "SUTODev2\SUTODev2.csproj", "{09FB182B-BC74-4708-87FB-CC1EFB330D16}"
EndProject
Project("{FAE04EC0-301F-11D3-BF4B-00C04F79EFBC}") = "1_Operators", "1_Operators\1_Operators.csproj", "{914089C5-E462-4B0E-BD58-1D3079FF95B8}"
EndProject
Global
	GlobalSection(SolutionConfigurationPlatforms) = preSolution
		Debug|Any CPU = Debug|Any CPU
		Release|Any CPU = Release|Any CPU
	EndGlobalSection
	GlobalSection(ProjectConfigurationPlatforms) = postSolution
		{09FB182B-BC74-4708-87FB-CC1EFB330D16}.Debug|Any CPU.ActiveCfg = Debug|Any CPU
		{09FB182B-BC74-4708-87FB-CC1EFB330D16}.Debug|Any CPU.Build.0 = Debug|Any CPU
		{09FB182B-BC74-4708-87FB-CC1EFB330D16}.Release|Any CPU.ActiveCfg = Release|Any CPU
		{09FB182B-BC74-4708-87FB-CC1EFB330D16}.Release|Any CPU.Build.0 = Release|Any CPU
		{914089C5-E462-4B0E-BD58-1D3079FF95B8}.Debug|Any CPU.ActiveCfg = Debug|Any CPU
		{914089C5-E462-4B0E-BD58-1D3079FF95B8}.Debug|Any CPU.Build.0 = Debug|Any CPU
		{914089C5-E462-4B0E-BD58-1D3079FF95B8}.Release|Any CPU.ActiveCfg = Release|Any CPU
		{914089C5-E462-4B0E-BD58-1D3079FF95B8}.Release|Any CPU.Build.0 = Release|Any CPU
	EndGlobalSection
	GlobalSection(SolutionProperties) = preSolution
		HideSolutionNode = FALSE
	EndGlobalSection
	GlobalSection(ExtensibilityGlobals) = postSolution
		SolutionGuid = {B5A49716-85A0-4306-B4E8-D730F70200F3}
	EndGlobalSection
EndGlobal
